// !$*UTF8*$!
{
	archiveVersion = 1;
	classes = {
	};
	objectVersion = 46;
	objects = {

/* Begin PBXBuildFile section */
		8A549AF41C9A542300A890F7 /* main.m in Sources */ = {isa = PBXBuildFile; fileRef = 8A549AF31C9A542300A890F7 /* main.m */; };
		8A549AF71C9A542300A890F7 /* AppDelegate.m in Sources */ = {isa = PBXBuildFile; fileRef = 8A549AF61C9A542300A890F7 /* AppDelegate.m */; };
		8A549AFA1C9A542300A890F7 /* ViewController.m in Sources */ = {isa = PBXBuildFile; fileRef = 8A549AF91C9A542300A890F7 /* ViewController.m */; };
		8A549AFD1C9A542300A890F7 /* Main.storyboard in Resources */ = {isa = PBXBuildFile; fileRef = 8A549AFB1C9A542300A890F7 /* Main.storyboard */; };
		8A549AFF1C9A542300A890F7 /* Assets.xcassets in Resources */ = {isa = PBXBuildFile; fileRef = 8A549AFE1C9A542300A890F7 /* Assets.xcassets */; };
		8A549B021C9A542300A890F7 /* LaunchScreen.storyboard in Resources */ = {isa = PBXBuildFile; fileRef = 8A549B001C9A542300A890F7 /* LaunchScreen.storyboard */; };
		8A549B0D1C9A542300A890F7 /* MultiPartTests.m in Sources */ = {isa = PBXBuildFile; fileRef = 8A549B0C1C9A542300A890F7 /* MultiPartTests.m */; };
		8A549B181C9A542400A890F7 /* MultiPartUITests.m in Sources */ = {isa = PBXBuildFile; fileRef = 8A549B171C9A542400A890F7 /* MultiPartUITests.m */; };
/* End PBXBuildFile section */

/* Begin PBXContainerItemProxy section */
		8A549B091C9A542300A890F7 /* PBXContainerItemProxy */ = {
			isa = PBXContainerItemProxy;
			containerPortal = 8A549AE71C9A542300A890F7 /* Project object */;
			proxyType = 1;
			remoteGlobalIDString = 8A549AEE1C9A542300A890F7;
			remoteInfo = MultiPart;
		};
		8A549B141C9A542400A890F7 /* PBXContainerItemProxy */ = {
			isa = PBXContainerItemProxy;
			containerPortal = 8A549AE71C9A542300A890F7 /* Project object */;
			proxyType = 1;
			remoteGlobalIDString = 8A549AEE1C9A542300A890F7;
			remoteInfo = MultiPart;
		};
/* End PBXContainerItemProxy section */

/* Begin PBXFileReference section */
		8A549AEF1C9A542300A890F7 /* MultiPart.app */ = {isa = PBXFileReference; explicitFileType = wrapper.application; includeInIndex = 0; path = MultiPart.app; sourceTree = BUILT_PRODUCTS_DIR; };
		8A549AF31C9A542300A890F7 /* main.m */ = {isa = PBXFileReference; lastKnownFileType = sourcecode.c.objc; path = main.m; sourceTree = "<group>"; };
		8A549AF51C9A542300A890F7 /* AppDelegate.h */ = {isa = PBXFileReference; lastKnownFileType = sourcecode.c.h; path = AppDelegate.h; sourceTree = "<group>"; };
		8A549AF61C9A542300A890F7 /* AppDelegate.m */ = {isa = PBXFileReference; lastKnownFileType = sourcecode.c.objc; path = AppDelegate.m; sourceTree = "<group>"; };
		8A549AF81C9A542300A890F7 /* ViewController.h */ = {isa = PBXFileReference; lastKnownFileType = sourcecode.c.h; path = ViewController.h; sourceTree = "<group>"; };
		8A549AF91C9A542300A890F7 /* ViewController.m */ = {isa = PBXFileReference; lastKnownFileType = sourcecode.c.objc; path = ViewController.m; sourceTree = "<group>"; };
		8A549AFC1C9A542300A890F7 /* Base */ = {isa = PBXFileReference; lastKnownFileType = file.storyboard; name = Base; path = Base.lproj/Main.storyboard; sourceTree = "<group>"; };
		8A549AFE1C9A542300A890F7 /* Assets.xcassets */ = {isa = PBXFileReference; lastKnownFileType = folder.assetcatalog; path = Assets.xcassets; sourceTree = "<group>"; };
		8A549B011C9A542300A890F7 /* Base */ = {isa = PBXFileReference; lastKnownFileType = file.storyboard; name = Base; path = Base.lproj/LaunchScreen.storyboard; sourceTree = "<group>"; };
		8A549B031C9A542300A890F7 /* Info.plist */ = {isa = PBXFileReference; lastKnownFileType = text.plist.xml; path = Info.plist; sourceTree = "<group>"; };
		8A549B081C9A542300A890F7 /* MultiPartTests.xctest */ = {isa = PBXFileReference; explicitFileType = wrapper.cfbundle; includeInIndex = 0; path = MultiPartTests.xctest; sourceTree = BUILT_PRODUCTS_DIR; };
		8A549B0C1C9A542300A890F7 /* MultiPartTests.m */ = {isa = PBXFileReference; lastKnownFileType = sourcecode.c.objc; path = MultiPartTests.m; sourceTree = "<group>"; };
		8A549B0E1C9A542300A890F7 /* Info.plist */ = {isa = PBXFileReference; lastKnownFileType = text.plist.xml; path = Info.plist; sourceTree = "<group>"; };
		8A549B131C9A542400A890F7 /* MultiPartUITests.xctest */ = {isa = PBXFileReference; explicitFileType = wrapper.cfbundle; includeInIndex = 0; path = MultiPartUITests.xctest; sourceTree = BUILT_PRODUCTS_DIR; };
		8A549B171C9A542400A890F7 /* MultiPartUITests.m */ = {isa = PBXFileReference; lastKnownFileType = sourcecode.c.objc; path = MultiPartUITests.m; sourceTree = "<group>"; };
		8A549B191C9A542400A890F7 /* Info.plist */ = {isa = PBXFileReference; lastKnownFileType = text.plist.xml; path = Info.plist; sourceTree = "<group>"; };
/* End PBXFileReference section */

/* Begin PBXFrameworksBuildPhase section */
		8A549AEC1C9A542300A890F7 /* Frameworks */ = {
			isa = PBXFrameworksBuildPhase;
			buildActionMask = 2147483647;
			files = (
			);
			runOnlyForDeploymentPostprocessing = 0;
		};
		8A549B051C9A542300A890F7 /* Frameworks */ = {
			isa = PBXFrameworksBuildPhase;
			buildActionMask = 2147483647;
			files = (
			);
			runOnlyForDeploymentPostprocessing = 0;
		};
		8A549B101C9A542300A890F7 /* Frameworks */ = {
			isa = PBXFrameworksBuildPhase;
			buildActionMask = 2147483647;
			files = (
			);
			runOnlyForDeploymentPostprocessing = 0;
		};
/* End PBXFrameworksBuildPhase section */

/* Begin PBXGroup section */
		8A549AE61C9A542300A890F7 = {
			isa = PBXGroup;
			children = (
				8A549AF11C9A542300A890F7 /* MultiPart */,
				8A549B0B1C9A542300A890F7 /* MultiPartTests */,
				8A549B161C9A542400A890F7 /* MultiPartUITests */,
				8A549AF01C9A542300A890F7 /* Products */,
			);
			sourceTree = "<group>";
		};
		8A549AF01C9A542300A890F7 /* Products */ = {
			isa = PBXGroup;
			children = (
				8A549AEF1C9A542300A890F7 /* MultiPart.app */,
				8A549B081C9A542300A890F7 /* MultiPartTests.xctest */,
				8A549B131C9A542400A890F7 /* MultiPartUITests.xctest */,
			);
			name = Products;
			sourceTree = "<group>";
		};
		8A549AF11C9A542300A890F7 /* MultiPart */ = {
			isa = PBXGroup;
			children = (
				8A549AF51C9A542300A890F7 /* AppDelegate.h */,
				8A549AF61C9A542300A890F7 /* AppDelegate.m */,
				8A549AF81C9A542300A890F7 /* ViewController.h */,
				8A549AF91C9A542300A890F7 /* ViewController.m */,
				8A549AFB1C9A542300A890F7 /* Main.storyboard */,
				8A549AFE1C9A542300A890F7 /* Assets.xcassets */,
				8A549B001C9A542300A890F7 /* LaunchScreen.storyboard */,
				8A549B031C9A542300A890F7 /* Info.plist */,
				8A549AF21C9A542300A890F7 /* Supporting Files */,
			);
			path = MultiPart;
			sourceTree = "<group>";
		};
		8A549AF21C9A542300A890F7 /* Supporting Files */ = {
			isa = PBXGroup;
			children = (
				8A549AF31C9A542300A890F7 /* main.m */,
			);
			name = "Supporting Files";
			sourceTree = "<group>";
		};
		8A549B0B1C9A542300A890F7 /* MultiPartTests */ = {
			isa = PBXGroup;
			children = (
				8A549B0C1C9A542300A890F7 /* MultiPartTests.m */,
				8A549B0E1C9A542300A890F7 /* Info.plist */,
			);
			path = MultiPartTests;
			sourceTree = "<group>";
		};
		8A549B161C9A542400A890F7 /* MultiPartUITests */ = {
			isa = PBXGroup;
			children = (
				8A549B171C9A542400A890F7 /* MultiPartUITests.m */,
				8A549B191C9A542400A890F7 /* Info.plist */,
			);
			path = MultiPartUITests;
			sourceTree = "<group>";
		};
/* End PBXGroup section */

/* Begin PBXNativeTarget section */
		8A549AEE1C9A542300A890F7 /* MultiPart */ = {
			isa = PBXNativeTarget;
			buildConfigurationList = 8A549B1C1C9A542400A890F7 /* Build configuration list for PBXNativeTarget "MultiPart" */;
			buildPhases = (
				8A549AEB1C9A542300A890F7 /* Sources */,
				8A549AEC1C9A542300A890F7 /* Frameworks */,
				8A549AED1C9A542300A890F7 /* Resources */,
			);
			buildRules = (
			);
			dependencies = (
			);
			name = MultiPart;
			productName = MultiPart;
			productReference = 8A549AEF1C9A542300A890F7 /* MultiPart.app */;
			productType = "com.apple.product-type.application";
		};
		8A549B071C9A542300A890F7 /* MultiPartTests */ = {
			isa = PBXNativeTarget;
			buildConfigurationList = 8A549B1F1C9A542400A890F7 /* Build configuration list for PBXNativeTarget "MultiPartTests" */;
			buildPhases = (
				8A549B041C9A542300A890F7 /* Sources */,
				8A549B051C9A542300A890F7 /* Frameworks */,
				8A549B061C9A542300A890F7 /* Resources */,
			);
			buildRules = (
			);
			dependencies = (
				8A549B0A1C9A542300A890F7 /* PBXTargetDependency */,
			);
			name = MultiPartTests;
			productName = MultiPartTests;
			productReference = 8A549B081C9A542300A890F7 /* MultiPartTests.xctest */;
			productType = "com.apple.product-type.bundle.unit-test";
		};
		8A549B121C9A542300A890F7 /* MultiPartUITests */ = {
			isa = PBXNativeTarget;
			buildConfigurationList = 8A549B221C9A542400A890F7 /* Build configuration list for PBXNativeTarget "MultiPartUITests" */;
			buildPhases = (
				8A549B0F1C9A542300A890F7 /* Sources */,
				8A549B101C9A542300A890F7 /* Frameworks */,
				8A549B111C9A542300A890F7 /* Resources */,
			);
			buildRules = (
			);
			dependencies = (
				8A549B151C9A542400A890F7 /* PBXTargetDependency */,
			);
			name = MultiPartUITests;
			productName = MultiPartUITests;
			productReference = 8A549B131C9A542400A890F7 /* MultiPartUITests.xctest */;
			productType = "com.apple.product-type.bundle.ui-testing";
		};
/* End PBXNativeTarget section */

/* Begin PBXProject section */
		8A549AE71C9A542300A890F7 /* Project object */ = {
			isa = PBXProject;
			attributes = {
				LastUpgradeCheck = 0720;
				ORGANIZATIONNAME = "杜亚伟";
				TargetAttributes = {
					8A549AEE1C9A542300A890F7 = {
						CreatedOnToolsVersion = 7.2;
					};
					8A549B071C9A542300A890F7 = {
						CreatedOnToolsVersion = 7.2;
						TestTargetID = 8A549AEE1C9A542300A890F7;
					};
					8A549B121C9A542300A890F7 = {
						CreatedOnToolsVersion = 7.2;
						TestTargetID = 8A549AEE1C9A542300A890F7;
					};
				};
			};
			buildConfigurationList = 8A549AEA1C9A542300A890F7 /* Build configuration list for PBXProject "MultiPart" */;
			compatibilityVersion = "Xcode 3.2";
			developmentRegion = English;
			hasScannedForEncodings = 0;
			knownRegions = (
				en,
				Base,
			);
			mainGroup = 8A549AE61C9A542300A890F7;
			productRefGroup = 8A549AF01C9A542300A890F7 /* Products */;
			projectDirPath = "";
			projectRoot = "";
			targets = (
				8A549AEE1C9A542300A890F7 /* MultiPart */,
				8A549B071C9A542300A890F7 /* MultiPartTests */,
				8A549B121C9A542300A890F7 /* MultiPartUITests */,
			);
		};
/* End PBXProject section */

/* Begin PBXResourcesBuildPhase section */
		8A549AED1C9A542300A890F7 /* Resources */ = {
			isa = PBXResourcesBuildPhase;
			buildActionMask = 2147483647;
			files = (
				8A549B021C9A542300A890F7 /* LaunchScreen.storyboard in Resources */,
				8A549AFF1C9A542300A890F7 /* Assets.xcassets in Resources */,
				8A549AFD1C9A542300A890F7 /* Main.storyboard in Resources */,
			);
			runOnlyForDeploymentPostprocessing = 0;
		};
		8A549B061C9A542300A890F7 /* Resources */ = {
			isa = PBXResourcesBuildPhase;
			buildActionMask = 2147483647;
			files = (
			);
			runOnlyForDeploymentPostprocessing = 0;
		};
		8A549B111C9A542300A890F7 /* Resources */ = {
			isa = PBXResourcesBuildPhase;
			buildActionMask = 2147483647;
			files = (
			);
			runOnlyForDeploymentPostprocessing = 0;
		};
/* End PBXResourcesBuildPhase section */

/* Begin PBXSourcesBuildPhase section */
		8A549AEB1C9A542300A890F7 /* Sources */ = {
			isa = PBXSourcesBuildPhase;
			buildActionMask = 2147483647;
			files = (
				8A549AFA1C9A542300A890F7 /* ViewController.m in Sources */,
				8A549AF71C9A542300A890F7 /* AppDelegate.m in Sources */,
				8A549AF41C9A542300A890F7 /* main.m in Sources */,
			);
			runOnlyForDeploymentPostprocessing = 0;
		};
		8A549B041C9A542300A890F7 /* Sources */ = {
			isa = PBXSourcesBuildPhase;
			buildActionMask = 2147483647;
			files = (
				8A549B0D1C9A542300A890F7 /* MultiPartTests.m in Sources */,
			);
			runOnlyForDeploymentPostprocessing = 0;
		};
		8A549B0F1C9A542300A890F7 /* Sources */ = {
			isa = PBXSourcesBuildPhase;
			buildActionMask = 2147483647;
			files = (
				8A549B181C9A542400A890F7 /* MultiPartUITests.m in Sources */,
			);
			runOnlyForDeploymentPostprocessing = 0;
		};
/* End PBXSourcesBuildPhase section */

/* Begin PBXTargetDependency section */
		8A549B0A1C9A542300A890F7 /* PBXTargetDependency */ = {
			isa = PBXTargetDependency;
			target = 8A549AEE1C9A542300A890F7 /* MultiPart */;
			targetProxy = 8A549B091C9A542300A890F7 /* PBXContainerItemProxy */;
		};
		8A549B151C9A542400A890F7 /* PBXTargetDependency */ = {
			isa = PBXTargetDependency;
			target = 8A549AEE1C9A542300A890F7 /* MultiPart */;
			targetProxy = 8A549B141C9A542400A890F7 /* PBXContainerItemProxy */;
		};
/* End PBXTargetDependency section */

/* Begin PBXVariantGroup section */
		8A549AFB1C9A542300A890F7 /* Main.storyboard */ = {
			isa = PBXVariantGroup;
			children = (
				8A549AFC1C9A542300A890F7 /* Base */,
			);
			name = Main.storyboard;
			sourceTree = "<group>";
		};
		8A549B001C9A542300A890F7 /* LaunchScreen.storyboard */ = {
			isa = PBXVariantGroup;
			children = (
				8A549B011C9A542300A890F7 /* Base */,
			);
			name = LaunchScreen.storyboard;
			sourceTree = "<group>";
		};
/* End PBXVariantGroup section */

/* Begin XCBuildConfiguration section */
		8A549B1A1C9A542400A890F7 /* Debug */ = {
			isa = XCBuildConfiguration;
			buildSettings = {
				ALWAYS_SEARCH_USER_PATHS = NO;
				CLANG_CXX_LANGUAGE_STANDARD = "gnu++0x";
				CLANG_CXX_LIBRARY = "libc++";
				CLANG_ENABLE_MODULES = YES;
				CLANG_ENABLE_OBJC_ARC = YES;
				CLANG_WARN_BOOL_CONVERSION = YES;
				CLANG_WARN_CONSTANT_CONVERSION = YES;
				CLANG_WARN_DIRECT_OBJC_ISA_USAGE = YES_ERROR;
				CLANG_WARN_EMPTY_BODY = YES;
				CLANG_WARN_ENUM_CONVERSION = YES;
				CLANG_WARN_INT_CONVERSION = YES;
				CLANG_WARN_OBJC_ROOT_CLASS = YES_ERROR;
				CLANG_WARN_UNREACHABLE_CODE = YES;
				CLANG_WARN__DUPLICATE_METHOD_MATCH = YES;
				"CODE_SIGN_IDENTITY[sdk=iphoneos*]" = "iPhone Developer";
				COPY_PHASE_STRIP = NO;
				DEBUG_INFORMATION_FORMAT = dwarf;
				ENABLE_STRICT_OBJC_MSGSEND = YES;
				ENABLE_TESTABILITY = YES;
				GCC_C_LANGUAGE_STANDARD = gnu99;
				GCC_DYNAMIC_NO_PIC = NO;
				GCC_NO_COMMON_BLOCKS = YES;
				GCC_OPTIMIZATION_LEVEL = 0;
				GCC_PREPROCESSOR_DEFINITIONS = (
					"DEBUG=1",
					"$(inherited)",
				);
				GCC_WARN_64_TO_32_BIT_CONVERSION = YES;
				GCC_WARN_ABOUT_RETURN_TYPE = YES_ERROR;
				GCC_WARN_UNDECLARED_SELECTOR = YES;
				GCC_WARN_UNINITIALIZED_AUTOS = YES_AGGRESSIVE;
				GCC_WARN_UNUSED_FUNCTION = YES;
				GCC_WARN_UNUSED_VARIABLE = YES;
				IPHONEOS_DEPLOYMENT_TARGET = 9.2;
				MTL_ENABLE_DEBUG_INFO = YES;
				ONLY_ACTIVE_ARCH = YES;
				SDKROOT = iphoneos;
				TARGETED_DEVICE_FAMILY = "1,2";
			};
			name = Debug;
		};
		8A549B1B1C9A542400A890F7 /* Release */ = {
			isa = XCBuildConfiguration;
			buildSettings = {
				ALWAYS_SEARCH_USER_PATHS = NO;
				CLANG_CXX_LANGUAGE_STANDARD = "gnu++0x";
				CLANG_CXX_LIBRARY = "libc++";
				CLANG_ENABLE_MODULES = YES;
				CLANG_ENABLE_OBJC_ARC = YES;
				CLANG_WARN_BOOL_CONVERSION = YES;
				CLANG_WARN_CONSTANT_CONVERSION = YES;
				CLANG_WARN_DIRECT_OBJC_ISA_USAGE = YES_ERROR;
				CLANG_WARN_EMPTY_BODY = YES;
				CLANG_WARN_ENUM_CONVERSION = YES;
				CLANG_WARN_INT_CONVERSION = YES;
				CLANG_WARN_OBJC_ROOT_CLASS = YES_ERROR;
				CLANG_WARN_UNREACHABLE_CODE = YES;
				CLANG_WARN__DUPLICATE_METHOD_MATCH = YES;
				"CODE_SIGN_IDENTITY[sdk=iphoneos*]" = "iPhone Developer";
				COPY_PHASE_STRIP = NO;
				DEBUG_INFORMATION_FORMAT = "dwarf-with-dsym";
				ENABLE_NS_ASSERTIONS = NO;
				ENABLE_STRICT_OBJC_MSGSEND = YES;
				GCC_C_LANGUAGE_STANDARD = gnu99;
				GCC_NO_COMMON_BLOCKS = YES;
				GCC_WARN_64_TO_32_BIT_CONVERSION = YES;
				GCC_WARN_ABOUT_RETURN_TYPE = YES_ERROR;
				GCC_WARN_UNDECLARED_SELECTOR = YES;
				GCC_WARN_UNINITIALIZED_AUTOS = YES_AGGRESSIVE;
				GCC_WARN_UNUSED_FUNCTION = YES;
				GCC_WARN_UNUSED_VARIABLE = YES;
				IPHONEOS_DEPLOYMENT_TARGET = 9.2;
				MTL_ENABLE_DEBUG_INFO = NO;
				SDKROOT = iphoneos;
				TARGETED_DEVICE_FAMILY = "1,2";
				VALIDATE_PRODUCT = YES;
			};
			name = Release;
		};
		8A549B1D1C9A542400A890F7 /* Debug */ = {
			isa = XCBuildConfiguration;
			buildSettings = {
				ASSETCATALOG_COMPILER_APPICON_NAME = AppIcon;
				INFOPLIST_FILE = MultiPart/Info.plist;
				LD_RUNPATH_SEARCH_PATHS = "$(inherited) @executable_path/Frameworks";
				PRODUCT_BUNDLE_IDENTIFIER = com.sis.sh.cn.MultiPart;
				PRODUCT_NAME = "$(TARGET_NAME)";
			};
			name = Debug;
		};
		8A549B1E1C9A542400A890F7 /* Release */ = {
			isa = XCBuildConfiguration;
			buildSettings = {
				ASSETCATALOG_COMPILER_APPICON_NAME = AppIcon;
				INFOPLIST_FILE = MultiPart/Info.plist;
				LD_RUNPATH_SEARCH_PATHS = "$(inherited) @executable_path/Frameworks";
				PRODUCT_BUNDLE_IDENTIFIER = com.sis.sh.cn.MultiPart;
				PRODUCT_NAME = "$(TARGET_NAME)";
			};
			name = Release;
		};
		8A549B201C9A542400A890F7 /* Debug */ = {
			isa = XCBuildConfiguration;
			buildSettings = {
				BUNDLE_LOADER = "$(TEST_HOST)";
				INFOPLIST_FILE = MultiPartTests/Info.plist;
				LD_RUNPATH_SEARCH_PATHS = "$(inherited) @executable_path/Frameworks @loader_path/Frameworks";
				PRODUCT_BUNDLE_IDENTIFIER = com.sis.sh.cn.MultiPartTests;
				PRODUCT_NAME = "$(TARGET_NAME)";
				TEST_HOST = "$(BUILT_PRODUCTS_DIR)/MultiPart.app/MultiPart";
			};
			name = Debug;
		};
		8A549B211C9A542400A890F7 /* Release */ = {
			isa = XCBuildConfiguration;
			buildSettings = {
				BUNDLE_LOADER = "$(TEST_HOST)";
				INFOPLIST_FILE = MultiPartTests/Info.plist;
				LD_RUNPATH_SEARCH_PATHS = "$(inherited) @executable_path/Frameworks @loader_path/Frameworks";
				PRODUCT_BUNDLE_IDENTIFIER = com.sis.sh.cn.MultiPartTests;
				PRODUCT_NAME = "$(TARGET_NAME)";
				TEST_HOST = "$(BUILT_PRODUCTS_DIR)/MultiPart.app/MultiPart";
			};
			name = Release;
		};
		8A549B231C9A542400A890F7 /* Debug */ = {
			isa = XCBuildConfiguration;
			buildSettings = {
				INFOPLIST_FILE = MultiPartUITests/Info.plist;
				LD_RUNPATH_SEARCH_PATHS = "$(inherited) @executable_path/Frameworks @loader_path/Frameworks";
				PRODUCT_BUNDLE_IDENTIFIER = com.sis.sh.cn.MultiPartUITests;
				PRODUCT_NAME = "$(TARGET_NAME)";
				TEST_TARGET_NAME = MultiPart;
				USES_XCTRUNNER = YES;
			};
			name = Debug;
		};
		8A549B241C9A542400A890F7 /* Release */ = {
			isa = XCBuildConfiguration;
			buildSettings = {
				INFOPLIST_FILE = MultiPartUITests/Info.plist;
				LD_RUNPATH_SEARCH_PATHS = "$(inherited) @executable_path/Frameworks @loader_path/Frameworks";
				PRODUCT_BUNDLE_IDENTIFIER = com.sis.sh.cn.MultiPartUITests;
				PRODUCT_NAME = "$(TARGET_NAME)";
				TEST_TARGET_NAME = MultiPart;
				USES_XCTRUNNER = YES;
			};
			name = Release;
		};
/* End XCBuildConfiguration section */

/* Begin XCConfigurationList section */
		8A549AEA1C9A542300A890F7 /* Build configuration list for PBXProject "MultiPart" */ = {
			isa = XCConfigurationList;
			buildConfigurations = (
				8A549B1A1C9A542400A890F7 /* Debug */,
				8A549B1B1C9A542400A890F7 /* Release */,
			);
			defaultConfigurationIsVisible = 0;
			defaultConfigurationName = Release;
		};
		8A549B1C1C9A542400A890F7 /* Build configuration list for PBXNativeTarget "MultiPart" */ = {
			isa = XCConfigurationList;
			buildConfigurations = (
				8A549B1D1C9A542400A890F7 /* Debug */,
				8A549B1E1C9A542400A890F7 /* Release */,
			);
			defaultConfigurationIsVisible = 0;
			defaultConfigurationName = Release;
		};
		8A549B1F1C9A542400A890F7 /* Build configuration list for PBXNativeTarget "MultiPartTests" */ = {
			isa = XCConfigurationList;
			buildConfigurations = (
				8A549B201C9A542400A890F7 /* Debug */,
				8A549B211C9A542400A890F7 /* Release */,
			);
			defaultConfigurationIsVisible = 0;
			defaultConfigurationName = Release;
		};
		8A549B221C9A542400A890F7 /* Build configuration list for PBXNativeTarget "MultiPartUITests" */ = {
			isa = XCConfigurationList;
			buildConfigurations = (
				8A549B231C9A542400A890F7 /* Debug */,
				8A549B241C9A542400A890F7 /* Release */,
			);
			defaultConfigurationIsVisible = 0;
			defaultConfigurationName = Release;
		};
/* End XCConfigurationList section */
	};
	rootObject = 8A549AE71C9A542300A890F7 /* Project object */;
}
